
Microsoft Visual Studio Solution File, Format Version 11.00
# Visual Studio 2010
Project("{FAE04EC0-301F-11D3-BF4B-00C04F79EFBC}") = "CoreRuntime", "CoreRuntime\CoreRuntime.csproj", "{8798ADA0-07AF-4C84-B954-900C7A4E19B7}"
EndProject
Global
	GlobalSection(SolutionConfigurationPlatforms) = preSolution
		Debug|Any CPU = Debug|Any CPU
		Release|Any CPU = Release|Any CPU
	EndGlobalSection
	GlobalSection(ProjectConfigurationPlatforms) = postSolution
		{8798ADA0-07AF-4C84-B954-900C7A4E19B7}.Debug|Any CPU.ActiveCfg = Debug|Any CPU
		{8798ADA0-07AF-4C84-B954-900C7A4E19B7}.Debug|Any CPU.Build.0 = Debug|Any CPU
		{8798ADA0-07AF-4C84-B954-900C7A4E19B7}.Release|Any CPU.ActiveCfg = Release|Any CPU
		{8798ADA0-07AF-4C84-B954-900C7A4E19B7}.Release|Any CPU.Build.0 = Release|Any CPU
	EndGlobalSection
	GlobalSection(SolutionProperties) = preSolution
		HideSolutionNode = FALSE
	EndGlobalSection
EndGlobal
